
Microsoft Visual Studio Solution File, Format Version 12.00
# Visual Studio Express 2013 for Windows Desktop
VisualStudioVersion = 12.0.21005.1
MinimumVisualStudioVersion = 10.0.40219.1
Project("{FAE04EC0-301F-11D3-BF4B-00C04F79EFBC}") = "Vayne The Hunter Of The Night", "Vayne The Hunter Of The Night\Vayne The Hunter Of The Night.csproj", "{94C863A8-E250-4DA3-853F-8B5E6975EF90}"
EndProject
Global
	GlobalSection(SolutionConfigurationPlatforms) = preSolution
		Debug|Any CPU = Debug|Any CPU
		Release|Any CPU = Release|Any CPU
	EndGlobalSection
	GlobalSection(ProjectConfigurationPlatforms) = postSolution
		{94C863A8-E250-4DA3-853F-8B5E6975EF90}.Debug|Any CPU.ActiveCfg = Debug|Any CPU
		{94C863A8-E250-4DA3-853F-8B5E6975EF90}.Debug|Any CPU.Build.0 = Debug|Any CPU
		{94C863A8-E250-4DA3-853F-8B5E6975EF90}.Release|Any CPU.ActiveCfg = Release|Any CPU
		{94C863A8-E250-4DA3-853F-8B5E6975EF90}.Release|Any CPU.Build.0 = Release|Any CPU
	EndGlobalSection
	GlobalSection(SolutionProperties) = preSolution
		HideSolutionNode = FALSE
	EndGlobalSection
EndGlobal
